
Microsoft Visual Studio Solution File, Format Version 12.00
# Visual Studio 15
VisualStudioVersion = 15.0.27130.2020
MinimumVisualStudioVersion = 10.0.40219.1
Project("{9A19103F-16F7-4668-BE54-9A1E7A4F7556}") = "ConsoleApp1", "ConsoleApp1\ConsoleApp1.csproj", "{F493E270-AFC5-461A-85E5-05E328A3F708}"
EndProject
Global
	GlobalSection(SolutionConfigurationPlatforms) = preSolution
		Debug|Any CPU = Debug|Any CPU
		Release|Any CPU = Release|Any CPU
	EndGlobalSection
	GlobalSection(ProjectConfigurationPlatforms) = postSolution
		{F493E270-AFC5-461A-85E5-05E328A3F708}.Debug|Any CPU.ActiveCfg = Debug|Any CPU
		{F493E270-AFC5-461A-85E5-05E328A3F708}.Debug|Any CPU.Build.0 = Debug|Any CPU
		{F493E270-AFC5-461A-85E5-05E328A3F708}.Release|Any CPU.ActiveCfg = Release|Any CPU
		{F493E270-AFC5-461A-85E5-05E328A3F708}.Release|Any CPU.Build.0 = Release|Any CPU
	EndGlobalSection
	GlobalSection(SolutionProperties) = preSolution
		HideSolutionNode = FALSE
	EndGlobalSection
	GlobalSection(ExtensibilityGlobals) = postSolution
		SolutionGuid = {446580BF-7D53-4CA4-A030-CA08FA141DA7}
	EndGlobalSection
EndGlobal
